lockfileVersion: '9.0'

settings:
  autoInstallPeers: true
  excludeLinksFromLockfile: false

importers:

  .:
    dependencies:
      viem:
        specifier: ^2.23.3
        version: 2.23.3(typescript@5.7.3)
    devDependencies:
      typescript:
        specifier: ^5.7.3
        version: 5.7.3

packages:

  '@adraffy/ens-normalize@1.11.0':
    resolution: {integrity: sha512-/3DDPKHqqIqxUULp8yP4zODUY1i+2xvVWsv8A79xGWdCAG+8sb0hRh0Rk2QyOJUnnbyPUAZYcpBuRe3nS2OIUg==}

  '@noble/curves@1.8.1':
    resolution: {integrity: sha512-warwspo+UYUPep0Q+vtdVB4Ugn8GGQj8iyB3gnRWsztmUHTI3S1nhdiWNsPUGL0vud7JlRRk1XEu7Lq1KGTnMQ==}
    engines: {node: ^14.21.3 || >=16}

  '@noble/hashes@1.7.1':
    resolution: {integrity: sha512-B8XBPsn4vT/KJAGqDzbwztd+6Yte3P4V7iafm24bxgDe/mlRuK6xmWPuCNrKt2vDafZ8MfJLlchDG/vYafQEjQ==}
    engines: {node: ^14.21.3 || >=16}

  '@scure/base@1.2.4':
    resolution: {integrity: sha512-5Yy9czTO47mqz+/J8GM6GIId4umdCk1wc1q8rKERQulIoc8VP9pzDcghv10Tl2E7R96ZUx/PhND3ESYUQX8NuQ==}

  '@scure/bip32@1.6.2':
    resolution: {integrity: sha512-t96EPDMbtGgtb7onKKqxRLfE5g05k7uHnHRM2xdE6BP/ZmxaLtPek4J4KfVn/90IQNrU1IOAqMgiDtUdtbe3nw==}

  '@scure/bip39@1.5.4':
    resolution: {integrity: sha512-TFM4ni0vKvCfBpohoh+/lY05i9gRbSwXWngAsF4CABQxoaOHijxuaZ2R6cStDQ5CHtHO9aGJTr4ksVJASRRyMA==}

  abitype@1.0.8:
    resolution: {integrity: sha512-ZeiI6h3GnW06uYDLx0etQtX/p8E24UaHHBj57RSjK7YBFe7iuVn07EDpOeP451D06sF27VOz9JJPlIKJmXgkEg==}
    peerDependencies:
      typescript: '>=5.0.4'
      zod: ^3 >=3.22.0
    peerDependenciesMeta:
      typescript:
        optional: true
      zod:
        optional: true

  eventemitter3@5.0.1:
    resolution: {integrity: sha512-GWkBvjiSZK87ELrYOSESUYeVIc9mvLLf/nXalMOS5dYrgZq9o5OVkbZAVM06CVxYsCwH9BDZFPlQTlPA1j4ahA==}

  isows@1.0.6:
    resolution: {integrity: sha512-lPHCayd40oW98/I0uvgaHKWCSvkzY27LjWLbtzOm64yQ+G3Q5npjjbdppU65iZXkK1Zt+kH9pfegli0AYfwYYw==}
    peerDependencies:
      ws: '*'

  ox@0.6.7:
    resolution: {integrity: sha512-17Gk/eFsFRAZ80p5eKqv89a57uXjd3NgIf1CaXojATPBuujVc/fQSVhBeAU9JCRB+k7J50WQAyWTxK19T9GgbA==}
    peerDependencies:
      typescript: '>=5.4.0'
    peerDependenciesMeta:
      typescript:
        optional: true

  typescript@5.7.3:
    resolution: {integrity: sha512-84MVSjMEHP+FQRPy3pX9sTVV/INIex71s9TL2Gm5FG/WG1SqXeKyZ0k7/blY/4FdOzI12CBy1vGc4og/eus0fw==}
    engines: {node: '>=14.17'}
    hasBin: true

  viem@2.23.3:
    resolution: {integrity: sha512-ON/Uybteajqxn3iFyhV/6Ybm+QKhcrsVyTZf/9v2w0CvYQIoyJYCfHSsQR9zpsbOGrR7d2p62w6jzb6fqzzacg==}
    peerDependencies:
      typescript: '>=5.0.4'
    peerDependenciesMeta:
      typescript:
        optional: true

  ws@8.18.0:
    resolution: {integrity: sha512-8VbfWfHLbbwu3+N6OKsOMpBdT4kXPDDB9cJk2bJ6mh9ucxdlnNvH1e+roYkKmN9Nxw2yjz7VzeO9oOz2zJ04Pw==}
    engines: {node: '>=10.0.0'}
    peerDependencies:
      bufferutil: ^4.0.1
      utf-8-validate: '>=5.0.2'
    peerDependenciesMeta:
      bufferutil:
        optional: true
      utf-8-validate:
        optional: true

snapshots:

  '@adraffy/ens-normalize@1.11.0': {}

  '@noble/curves@1.8.1':
    dependencies:
      '@noble/hashes': 1.7.1

  '@noble/hashes@1.7.1': {}

  '@scure/base@1.2.4': {}

  '@scure/bip32@1.6.2':
    dependencies:
      '@noble/curves': 1.8.1
      '@noble/hashes': 1.7.1
      '@scure/base': 1.2.4

  '@scure/bip39@1.5.4':
    dependencies:
      '@noble/hashes': 1.7.1
      '@scure/base': 1.2.4

  abitype@1.0.8(typescript@5.7.3):
    optionalDependencies:
      typescript: 5.7.3

  eventemitter3@5.0.1: {}

  isows@1.0.6(ws@8.18.0):
    dependencies:
      ws: 8.18.0

  ox@0.6.7(typescript@5.7.3):
    dependencies:
      '@adraffy/ens-normalize': 1.11.0
      '@noble/curves': 1.8.1
      '@noble/hashes': 1.7.1
      '@scure/bip32': 1.6.2
      '@scure/bip39': 1.5.4
      abitype: 1.0.8(typescript@5.7.3)
      eventemitter3: 5.0.1
    optionalDependencies:
      typescript: 5.7.3
    transitivePeerDependencies:
      - zod

  typescript@5.7.3: {}

  viem@2.23.3(typescript@5.7.3):
    dependencies:
      '@noble/curves': 1.8.1
      '@noble/hashes': 1.7.1
      '@scure/bip32': 1.6.2
      '@scure/bip39': 1.5.4
      abitype: 1.0.8(typescript@5.7.3)
      isows: 1.0.6(ws@8.18.0)
      ox: 0.6.7(typescript@5.7.3)
      ws: 8.18.0
    optionalDependencies:
      typescript: 5.7.3
    transitivePeerDependencies:
      - bufferutil
      - utf-8-validate
      - zod

  ws@8.18.0: {}
